
Microsoft Visual Studio Solution File, Format Version 12.00
# Visual Studio 2012
Project("{FAE04EC0-301F-11D3-BF4B-00C04F79EFBC}") = "ProjDAL", "ProjDAL\ProjDAL.csproj", "{4FA075F2-D606-4D54-BA80-DDA0A8FF635C}"
EndProject
Project("{FAE04EC0-301F-11D3-BF4B-00C04F79EFBC}") = "ProjBAL", "ClassLibrary1\ProjBAL.csproj", "{82E0818A-6C80-4791-9D9C-0EB05631E23A}"
EndProject
Project("{FAE04EC0-301F-11D3-BF4B-00C04F79EFBC}") = "ProjBO", "ProjBO\ProjBO.csproj", "{72E57023-D4C9-406C-B42D-36B613B61080}"
EndProject
Project("{FAE04EC0-301F-11D3-BF4B-00C04F79EFBC}") = "SQLHelper", "SQLHelper\SQLHelper.csproj", "{974642C1-30CC-4D10-83FC-48303EAF7AD7}"
EndProject
Project("{FAE04EC0-301F-11D3-BF4B-00C04F79EFBC}") = "eProduct", "eProduct\eProduct.csproj", "{2049626C-7404-450B-A0A2-89B1DA56ABB3}"
EndProject
Project("{FAE04EC0-301F-11D3-BF4B-00C04F79EFBC}") = "eProduct.Tests", "eProduct.Tests\eProduct.Tests.csproj", "{7BD564A2-D7A9-4107-B421-DD286495F0FE}"
EndProject
Global
	GlobalSection(SolutionConfigurationPlatforms) = preSolution
		Debug|Any CPU = Debug|Any CPU
		Release|Any CPU = Release|Any CPU
	EndGlobalSection
	GlobalSection(ProjectConfigurationPlatforms) = postSolution
		{4FA075F2-D606-4D54-BA80-DDA0A8FF635C}.Debug|Any CPU.ActiveCfg = Debug|Any CPU
		{4FA075F2-D606-4D54-BA80-DDA0A8FF635C}.Debug|Any CPU.Build.0 = Debug|Any CPU
		{4FA075F2-D606-4D54-BA80-DDA0A8FF635C}.Release|Any CPU.ActiveCfg = Release|Any CPU
		{4FA075F2-D606-4D54-BA80-DDA0A8FF635C}.Release|Any CPU.Build.0 = Release|Any CPU
		{82E0818A-6C80-4791-9D9C-0EB05631E23A}.Debug|Any CPU.ActiveCfg = Debug|Any CPU
		{82E0818A-6C80-4791-9D9C-0EB05631E23A}.Debug|Any CPU.Build.0 = Debug|Any CPU
		{82E0818A-6C80-4791-9D9C-0EB05631E23A}.Release|Any CPU.ActiveCfg = Release|Any CPU
		{82E0818A-6C80-4791-9D9C-0EB05631E23A}.Release|Any CPU.Build.0 = Release|Any CPU
		{72E57023-D4C9-406C-B42D-36B613B61080}.Debug|Any CPU.ActiveCfg = Debug|Any CPU
		{72E57023-D4C9-406C-B42D-36B613B61080}.Debug|Any CPU.Build.0 = Debug|Any CPU
		{72E57023-D4C9-406C-B42D-36B613B61080}.Release|Any CPU.ActiveCfg = Release|Any CPU
		{72E57023-D4C9-406C-B42D-36B613B61080}.Release|Any CPU.Build.0 = Release|Any CPU
		{974642C1-30CC-4D10-83FC-48303EAF7AD7}.Debug|Any CPU.ActiveCfg = Debug|Any CPU
		{974642C1-30CC-4D10-83FC-48303EAF7AD7}.Debug|Any CPU.Build.0 = Debug|Any CPU
		{974642C1-30CC-4D10-83FC-48303EAF7AD7}.Release|Any CPU.ActiveCfg = Release|Any CPU
		{974642C1-30CC-4D10-83FC-48303EAF7AD7}.Release|Any CPU.Build.0 = Release|Any CPU
		{2049626C-7404-450B-A0A2-89B1DA56ABB3}.Debug|Any CPU.ActiveCfg = Debug|Any CPU
		{2049626C-7404-450B-A0A2-89B1DA56ABB3}.Debug|Any CPU.Build.0 = Debug|Any CPU
		{2049626C-7404-450B-A0A2-89B1DA56ABB3}.Release|Any CPU.ActiveCfg = Release|Any CPU
		{2049626C-7404-450B-A0A2-89B1DA56ABB3}.Release|Any CPU.Build.0 = Release|Any CPU
		{7BD564A2-D7A9-4107-B421-DD286495F0FE}.Debug|Any CPU.ActiveCfg = Debug|Any CPU
		{7BD564A2-D7A9-4107-B421-DD286495F0FE}.Debug|Any CPU.Build.0 = Debug|Any CPU
		{7BD564A2-D7A9-4107-B421-DD286495F0FE}.Release|Any CPU.ActiveCfg = Release|Any CPU
		{7BD564A2-D7A9-4107-B421-DD286495F0FE}.Release|Any CPU.Build.0 = Release|Any CPU
	EndGlobalSection
	GlobalSection(SolutionProperties) = preSolution
		HideSolutionNode = FALSE
	EndGlobalSection
EndGlobal
